
Microsoft Visual Studio Solution File, Format Version 12.00
# Visual Studio 14
VisualStudioVersion = 14.0.25420.1
MinimumVisualStudioVersion = 10.0.40219.1
Project("{FAE04EC0-301F-11D3-BF4B-00C04F79EFBC}") = "UITesting", "UITesting\UITesting.csproj", "{44ED663A-1299-4383-9712-C2A28069A3A5}"
EndProject
Project("{FAE04EC0-301F-11D3-BF4B-00C04F79EFBC}") = "APITesting", "APITesting\APITesting.csproj", "{7732EF46-7201-4B31-81FB-5E52ECF47383}"
EndProject
Project("{FAE04EC0-301F-11D3-BF4B-00C04F79EFBC}") = "ComprenoHelper", "ComprenoClient\ComprenoHelper.csproj", "{8D6372E9-C0BA-4FCA-A24A-575FD7A10661}"
EndProject
Project("{FAE04EC0-301F-11D3-BF4B-00C04F79EFBC}") = "IO.Swagger", "IO.Swagger\IO.Swagger.csproj", "{4DEEE16B-90D4-424B-94C7-3F7339EB4053}"
EndProject
Global
	GlobalSection(SolutionConfigurationPlatforms) = preSolution
		Debug|Any CPU = Debug|Any CPU
		DevATA|Any CPU = DevATA|Any CPU
		QC1|Any CPU = QC1|Any CPU
		Release|Any CPU = Release|Any CPU
	EndGlobalSection
	GlobalSection(ProjectConfigurationPlatforms) = postSolution
		{44ED663A-1299-4383-9712-C2A28069A3A5}.Debug|Any CPU.ActiveCfg = Debug|Any CPU
		{44ED663A-1299-4383-9712-C2A28069A3A5}.Debug|Any CPU.Build.0 = Debug|Any CPU
		{44ED663A-1299-4383-9712-C2A28069A3A5}.DevATA|Any CPU.ActiveCfg = DevATA|Any CPU
		{44ED663A-1299-4383-9712-C2A28069A3A5}.DevATA|Any CPU.Build.0 = DevATA|Any CPU
		{44ED663A-1299-4383-9712-C2A28069A3A5}.QC1|Any CPU.ActiveCfg = QC1|Any CPU
		{44ED663A-1299-4383-9712-C2A28069A3A5}.QC1|Any CPU.Build.0 = QC1|Any CPU
		{44ED663A-1299-4383-9712-C2A28069A3A5}.Release|Any CPU.ActiveCfg = QC1|Any CPU
		{44ED663A-1299-4383-9712-C2A28069A3A5}.Release|Any CPU.Build.0 = QC1|Any CPU
		{7732EF46-7201-4B31-81FB-5E52ECF47383}.Debug|Any CPU.ActiveCfg = Debug|Any CPU
		{7732EF46-7201-4B31-81FB-5E52ECF47383}.Debug|Any CPU.Build.0 = Debug|Any CPU
		{7732EF46-7201-4B31-81FB-5E52ECF47383}.DevATA|Any CPU.ActiveCfg = DevATA|Any CPU
		{7732EF46-7201-4B31-81FB-5E52ECF47383}.DevATA|Any CPU.Build.0 = DevATA|Any CPU
		{7732EF46-7201-4B31-81FB-5E52ECF47383}.QC1|Any CPU.ActiveCfg = QC1|Any CPU
		{7732EF46-7201-4B31-81FB-5E52ECF47383}.QC1|Any CPU.Build.0 = QC1|Any CPU
		{7732EF46-7201-4B31-81FB-5E52ECF47383}.Release|Any CPU.ActiveCfg = QC1|Any CPU
		{7732EF46-7201-4B31-81FB-5E52ECF47383}.Release|Any CPU.Build.0 = QC1|Any CPU
		{8D6372E9-C0BA-4FCA-A24A-575FD7A10661}.Debug|Any CPU.ActiveCfg = Debug|Any CPU
		{8D6372E9-C0BA-4FCA-A24A-575FD7A10661}.Debug|Any CPU.Build.0 = Debug|Any CPU
		{8D6372E9-C0BA-4FCA-A24A-575FD7A10661}.DevATA|Any CPU.ActiveCfg = Release|Any CPU
		{8D6372E9-C0BA-4FCA-A24A-575FD7A10661}.DevATA|Any CPU.Build.0 = Release|Any CPU
		{8D6372E9-C0BA-4FCA-A24A-575FD7A10661}.QC1|Any CPU.ActiveCfg = Release|Any CPU
		{8D6372E9-C0BA-4FCA-A24A-575FD7A10661}.QC1|Any CPU.Build.0 = Release|Any CPU
		{8D6372E9-C0BA-4FCA-A24A-575FD7A10661}.Release|Any CPU.ActiveCfg = Release|Any CPU
		{8D6372E9-C0BA-4FCA-A24A-575FD7A10661}.Release|Any CPU.Build.0 = Release|Any CPU
		{4DEEE16B-90D4-424B-94C7-3F7339EB4053}.Debug|Any CPU.ActiveCfg = Debug|Any CPU
		{4DEEE16B-90D4-424B-94C7-3F7339EB4053}.Debug|Any CPU.Build.0 = Debug|Any CPU
		{4DEEE16B-90D4-424B-94C7-3F7339EB4053}.DevATA|Any CPU.ActiveCfg = Debug|Any CPU
		{4DEEE16B-90D4-424B-94C7-3F7339EB4053}.DevATA|Any CPU.Build.0 = Debug|Any CPU
		{4DEEE16B-90D4-424B-94C7-3F7339EB4053}.QC1|Any CPU.ActiveCfg = Release|Any CPU
		{4DEEE16B-90D4-424B-94C7-3F7339EB4053}.QC1|Any CPU.Build.0 = Release|Any CPU
		{4DEEE16B-90D4-424B-94C7-3F7339EB4053}.Release|Any CPU.ActiveCfg = Release|Any CPU
		{4DEEE16B-90D4-424B-94C7-3F7339EB4053}.Release|Any CPU.Build.0 = Release|Any CPU
	EndGlobalSection
	GlobalSection(SolutionProperties) = preSolution
		HideSolutionNode = FALSE
	EndGlobalSection
EndGlobal
